        "@xmtp/browser-sdk": "^0.1.1",
        "@xmtp/xmtp-js": "^13.0.2",
      "version": "0.1.1",
      "resolved": "https://registry.npmjs.org/@xmtp/browser-sdk/-/browser-sdk-0.1.1.tgz",
      "version": "13.0.2",
      "resolved": "https://registry.npmjs.org/@xmtp/xmtp-js/-/xmtp-js-13.0.2.tgz",
