        "@xmtp/browser-sdk": "^4.1.0",
        "@xmtp/xmtp-js": "^15.0.0",
      "version": "4.1.0",
      "resolved": "https://registry.npmjs.org/@xmtp/browser-sdk/-/browser-sdk-4.1.0.tgz",
      "integrity": "",
      "version": "15.0.0",
      "resolved": "https://registry.npmjs.org/@xmtp/xmtp-js/-/xmtp-js-15.0.0.tgz",
      "integrity": "",
